// !$*UTF8*$!
{
	archiveVersion = 1;
	classes = {
	};
	objectVersion = 46;
	objects = {

/* Begin PBXBuildFile section */
		A4B15FB81D4A53AF00886B65 /* BinaryTreeNode.cpp in Sources */ = {isa = PBXBuildFile; fileRef = A4B15FB61D4A53AF00886B65 /* BinaryTreeNode.cpp */; };
		A4B15FBB1D4A696400886B65 /* BinaryTree.cpp in Sources */ = {isa = PBXBuildFile; fileRef = A4B15FB91D4A696400886B65 /* BinaryTree.cpp */; };
		A4BB457E1D4907FA004AD8C5 /* SummerArray.cpp in Sources */ = {isa = PBXBuildFile; fileRef = A4BB457C1D4907FA004AD8C5 /* SummerArray.cpp */; };
		A4BB45811D4944BA004AD8C5 /* SummerList.cpp in Sources */ = {isa = PBXBuildFile; fileRef = A4BB457F1D4944BA004AD8C5 /* SummerList.cpp */; };
		A4DCB4071D47FE12005C611B /* main.cpp in Sources */ = {isa = PBXBuildFile; fileRef = A4DCB4061D47FE12005C611B /* main.cpp */; };
		A4DCB40F1D47FFC1005C611B /* DataNode.cpp in Sources */ = {isa = PBXBuildFile; fileRef = A4DCB40D1D47FFC1005C611B /* DataNode.cpp */; };
		A4DCB4131D480C9E005C611B /* NodeController.cpp in Sources */ = {isa = PBXBuildFile; fileRef = A4DCB4111D480C9E005C611B /* NodeController.cpp */; };
/* End PBXBuildFile section */

/* Begin PBXCopyFilesBuildPhase section */
		A4DCB4011D47FE12005C611B /* CopyFiles */ = {
			isa = PBXCopyFilesBuildPhase;
			buildActionMask = 2147483647;
			dstPath = /usr/share/man/man1/;
			dstSubfolderSpec = 0;
			files = (
			);
			runOnlyForDeploymentPostprocessing = 1;
		};
/* End PBXCopyFilesBuildPhase section */

/* Begin PBXFileReference section */
		A4B15FB61D4A53AF00886B65 /* BinaryTreeNode.cpp */ = {isa = PBXFileReference; fileEncoding = 4; lastKnownFileType = sourcecode.cpp.cpp; name = BinaryTreeNode.cpp; path = Model/BinaryTreeNode.cpp; sourceTree = "<group>"; };
		A4B15FB71D4A53AF00886B65 /* BinaryTreeNode.h */ = {isa = PBXFileReference; fileEncoding = 4; lastKnownFileType = sourcecode.c.h; name = BinaryTreeNode.h; path = Model/BinaryTreeNode.h; sourceTree = "<group>"; };
		A4B15FB91D4A696400886B65 /* BinaryTree.cpp */ = {isa = PBXFileReference; fileEncoding = 4; lastKnownFileType = sourcecode.cpp.cpp; name = BinaryTree.cpp; path = Model/BinaryTree.cpp; sourceTree = "<group>"; };
		A4B15FBA1D4A696400886B65 /* BinaryTree.h */ = {isa = PBXFileReference; fileEncoding = 4; lastKnownFileType = sourcecode.c.h; name = BinaryTree.h; path = Model/BinaryTree.h; sourceTree = "<group>"; };
		A4BB457C1D4907FA004AD8C5 /* SummerArray.cpp */ = {isa = PBXFileReference; fileEncoding = 4; lastKnownFileType = sourcecode.cpp.cpp; name = SummerArray.cpp; path = Model/SummerArray.cpp; sourceTree = "<group>"; };
		A4BB457D1D4907FA004AD8C5 /* SummerArray.h */ = {isa = PBXFileReference; fileEncoding = 4; lastKnownFileType = sourcecode.c.h; name = SummerArray.h; path = Model/SummerArray.h; sourceTree = "<group>"; };
		A4BB457F1D4944BA004AD8C5 /* SummerList.cpp */ = {isa = PBXFileReference; fileEncoding = 4; lastKnownFileType = sourcecode.cpp.cpp; name = SummerList.cpp; path = Model/SummerList.cpp; sourceTree = "<group>"; };
		A4BB45801D4944BA004AD8C5 /* SummerList.h */ = {isa = PBXFileReference; fileEncoding = 4; lastKnownFileType = sourcecode.c.h; name = SummerList.h; path = Model/SummerList.h; sourceTree = "<group>"; };
		A4DCB4031D47FE12005C611B /* SummerNodeProject */ = {isa = PBXFileReference; explicitFileType = "compiled.mach-o.executable"; includeInIndex = 0; path = SummerNodeProject; sourceTree = BUILT_PRODUCTS_DIR; };
		A4DCB4061D47FE12005C611B /* main.cpp */ = {isa = PBXFileReference; lastKnownFileType = sourcecode.cpp.cpp; path = main.cpp; sourceTree = "<group>"; };
		A4DCB40D1D47FFC1005C611B /* DataNode.cpp */ = {isa = PBXFileReference; fileEncoding = 4; lastKnownFileType = sourcecode.cpp.cpp; name = DataNode.cpp; path = Model/DataNode.cpp; sourceTree = "<group>"; };
		A4DCB40E1D47FFC1005C611B /* DataNode.h */ = {isa = PBXFileReference; fileEncoding = 4; lastKnownFileType = sourcecode.c.h; name = DataNode.h; path = Model/DataNode.h; sourceTree = "<group>"; };
		A4DCB4111D480C9E005C611B /* NodeController.cpp */ = {isa = PBXFileReference; fileEncoding = 4; lastKnownFileType = sourcecode.cpp.cpp; name = NodeController.cpp; path = Controller/NodeController.cpp; sourceTree = "<group>"; };
		A4DCB4121D480C9E005C611B /* NodeController.h */ = {isa = PBXFileReference; fileEncoding = 4; lastKnownFileType = sourcecode.c.h; name = NodeController.h; path = Controller/NodeController.h; sourceTree = "<group>"; };
/* End PBXFileReference section */

/* Begin PBXFrameworksBuildPhase section */
		A4DCB4001D47FE12005C611B /* Frameworks */ = {
			isa = PBXFrameworksBuildPhase;
			buildActionMask = 2147483647;
			files = (
			);
			runOnlyForDeploymentPostprocessing = 0;
		};
/* End PBXFrameworksBuildPhase section */

/* Begin PBXGroup section */
		A4DCB3FA1D47FE12005C611B = {
			isa = PBXGroup;
			children = (
				A4DCB4051D47FE12005C611B /* SummerNodeProject */,
				A4DCB4041D47FE12005C611B /* Products */,
			);
			sourceTree = "<group>";
		};
		A4DCB4041D47FE12005C611B /* Products */ = {
			isa = PBXGroup;
			children = (
				A4DCB4031D47FE12005C611B /* SummerNodeProject */,
			);
			name = Products;
			sourceTree = "<group>";
		};
		A4DCB4051D47FE12005C611B /* SummerNodeProject */ = {
			isa = PBXGroup;
			children = (
				A4DCB4061D47FE12005C611B /* main.cpp */,
				A4DCB4101D47FFCA005C611B /* Model */,
				A4DCB4141D480CAC005C611B /* Controller */,
			);
			path = SummerNodeProject;
			sourceTree = "<group>";
		};
		A4DCB4101D47FFCA005C611B /* Model */ = {
			isa = PBXGroup;
			children = (
				A4DCB40D1D47FFC1005C611B /* DataNode.cpp */,
				A4DCB40E1D47FFC1005C611B /* DataNode.h */,
				A4BB457C1D4907FA004AD8C5 /* SummerArray.cpp */,
				A4BB457D1D4907FA004AD8C5 /* SummerArray.h */,
				A4BB457F1D4944BA004AD8C5 /* SummerList.cpp */,
				A4BB45801D4944BA004AD8C5 /* SummerList.h */,
				A4B15FB61D4A53AF00886B65 /* BinaryTreeNode.cpp */,
				A4B15FB71D4A53AF00886B65 /* BinaryTreeNode.h */,
				A4B15FB91D4A696400886B65 /* BinaryTree.cpp */,
				A4B15FBA1D4A696400886B65 /* BinaryTree.h */,
			);
			name = Model;
			sourceTree = "<group>";
		};
		A4DCB4141D480CAC005C611B /* Controller */ = {
			isa = PBXGroup;
			children = (
				A4DCB4111D480C9E005C611B /* NodeController.cpp */,
				A4DCB4121D480C9E005C611B /* NodeController.h */,
			);
			name = Controller;
			sourceTree = "<group>";
		};
/* End PBXGroup section */

/* Begin PBXNativeTarget section */
		A4DCB4021D47FE12005C611B /* SummerNodeProject */ = {
			isa = PBXNativeTarget;
			buildConfigurationList = A4DCB40A1D47FE12005C611B /* Build configuration list for PBXNativeTarget "SummerNodeProject" */;
			buildPhases = (
				A4DCB3FF1D47FE12005C611B /* Sources */,
				A4DCB4001D47FE12005C611B /* Frameworks */,
				A4DCB4011D47FE12005C611B /* CopyFiles */,
			);
			buildRules = (
			);
			dependencies = (
			);
			name = SummerNodeProject;
			productName = SummerNodeProject;
			productReference = A4DCB4031D47FE12005C611B /* SummerNodeProject */;
			productType = "com.apple.product-type.tool";
		};
/* End PBXNativeTarget section */

/* Begin PBXProject section */
		A4DCB3FB1D47FE12005C611B /* Project object */ = {
			isa = PBXProject;
			attributes = {
				LastUpgradeCheck = 0720;
				ORGANIZATIONNAME = "Denise Beecroft";
				TargetAttributes = {
					A4DCB4021D47FE12005C611B = {
						CreatedOnToolsVersion = 7.2;
					};
				};
			};
			buildConfigurationList = A4DCB3FE1D47FE12005C611B /* Build configuration list for PBXProject "SummerNodeProject" */;
			compatibilityVersion = "Xcode 3.2";
			developmentRegion = English;
			hasScannedForEncodings = 0;
			knownRegions = (
				en,
			);
			mainGroup = A4DCB3FA1D47FE12005C611B;
			productRefGroup = A4DCB4041D47FE12005C611B /* Products */;
			projectDirPath = "";
			projectRoot = "";
			targets = (
				A4DCB4021D47FE12005C611B /* SummerNodeProject */,
			);
		};
/* End PBXProject section */

/* Begin PBXSourcesBuildPhase section */
		A4DCB3FF1D47FE12005C611B /* Sources */ = {
			isa = PBXSourcesBuildPhase;
			buildActionMask = 2147483647;
			files = (
				A4BB457E1D4907FA004AD8C5 /* SummerArray.cpp in Sources */,
				A4DCB4131D480C9E005C611B /* NodeController.cpp in Sources */,
				A4B15FB81D4A53AF00886B65 /* BinaryTreeNode.cpp in Sources */,
				A4B15FBB1D4A696400886B65 /* BinaryTree.cpp in Sources */,
				A4DCB4071D47FE12005C611B /* main.cpp in Sources */,
				A4BB45811D4944BA004AD8C5 /* SummerList.cpp in Sources */,
				A4DCB40F1D47FFC1005C611B /* DataNode.cpp in Sources */,
			);
			runOnlyForDeploymentPostprocessing = 0;
		};
/* End PBXSourcesBuildPhase section */

/* Begin XCBuildConfiguration section */
		A4DCB4081D47FE12005C611B /* Debug */ = {
			isa = XCBuildConfiguration;
			buildSettings = {
				ALWAYS_SEARCH_USER_PATHS = NO;
				CLANG_CXX_LANGUAGE_STANDARD = "gnu++0x";
				CLANG_CXX_LIBRARY = "libc++";
				CLANG_ENABLE_MODULES = YES;
				CLANG_ENABLE_OBJC_ARC = YES;
				CLANG_WARN_BOOL_CONVERSION = YES;
				CLANG_WARN_CONSTANT_CONVERSION = YES;
				CLANG_WARN_DIRECT_OBJC_ISA_USAGE = YES_ERROR;
				CLANG_WARN_EMPTY_BODY = YES;
				CLANG_WARN_ENUM_CONVERSION = YES;
				CLANG_WARN_INT_CONVERSION = YES;
				CLANG_WARN_OBJC_ROOT_CLASS = YES_ERROR;
				CLANG_WARN_UNREACHABLE_CODE = YES;
				CLANG_WARN__DUPLICATE_METHOD_MATCH = YES;
				CODE_SIGN_IDENTITY = "-";
				COPY_PHASE_STRIP = NO;
				DEBUG_INFORMATION_FORMAT = dwarf;
				ENABLE_STRICT_OBJC_MSGSEND = YES;
				ENABLE_TESTABILITY = YES;
				GCC_C_LANGUAGE_STANDARD = gnu99;
				GCC_DYNAMIC_NO_PIC = NO;
				GCC_NO_COMMON_BLOCKS = YES;
				GCC_OPTIMIZATION_LEVEL = 0;
				GCC_PREPROCESSOR_DEFINITIONS = (
					"DEBUG=1",
					"$(inherited)",
				);
				GCC_WARN_64_TO_32_BIT_CONVERSION = YES;
				GCC_WARN_ABOUT_RETURN_TYPE = YES_ERROR;
				GCC_WARN_UNDECLARED_SELECTOR = YES;
				GCC_WARN_UNINITIALIZED_AUTOS = YES_AGGRESSIVE;
				GCC_WARN_UNUSED_FUNCTION = YES;
				GCC_WARN_UNUSED_VARIABLE = YES;
				MACOSX_DEPLOYMENT_TARGET = 10.10;
				MTL_ENABLE_DEBUG_INFO = YES;
				ONLY_ACTIVE_ARCH = YES;
				SDKROOT = macosx;
			};
			name = Debug;
		};
		A4DCB4091D47FE12005C611B /* Release */ = {
			isa = XCBuildConfiguration;
			buildSettings = {
				ALWAYS_SEARCH_USER_PATHS = NO;
				CLANG_CXX_LANGUAGE_STANDARD = "gnu++0x";
				CLANG_CXX_LIBRARY = "libc++";
				CLANG_ENABLE_MODULES = YES;
				CLANG_ENABLE_OBJC_ARC = YES;
				CLANG_WARN_BOOL_CONVERSION = YES;
				CLANG_WARN_CONSTANT_CONVERSION = YES;
				CLANG_WARN_DIRECT_OBJC_ISA_USAGE = YES_ERROR;
				CLANG_WARN_EMPTY_BODY = YES;
				CLANG_WARN_ENUM_CONVERSION = YES;
				CLANG_WARN_INT_CONVERSION = YES;
				CLANG_WARN_OBJC_ROOT_CLASS = YES_ERROR;
				CLANG_WARN_UNREACHABLE_CODE = YES;
				CLANG_WARN__DUPLICATE_METHOD_MATCH = YES;
				CODE_SIGN_IDENTITY = "-";
				COPY_PHASE_STRIP = NO;
				DEBUG_INFORMATION_FORMAT = "dwarf-with-dsym";
				ENABLE_NS_ASSERTIONS = NO;
				ENABLE_STRICT_OBJC_MSGSEND = YES;
				GCC_C_LANGUAGE_STANDARD = gnu99;
				GCC_NO_COMMON_BLOCKS = YES;
				GCC_WARN_64_TO_32_BIT_CONVERSION = YES;
				GCC_WARN_ABOUT_RETURN_TYPE = YES_ERROR;
				GCC_WARN_UNDECLARED_SELECTOR = YES;
				GCC_WARN_UNINITIALIZED_AUTOS = YES_AGGRESSIVE;
				GCC_WARN_UNUSED_FUNCTION = YES;
				GCC_WARN_UNUSED_VARIABLE = YES;
				MACOSX_DEPLOYMENT_TARGET = 10.10;
				MTL_ENABLE_DEBUG_INFO = NO;
				SDKROOT = macosx;
			};
			name = Release;
		};
		A4DCB40B1D47FE12005C611B /* Debug */ = {
			isa = XCBuildConfiguration;
			buildSettings = {
				PRODUCT_NAME = "$(TARGET_NAME)";
			};
			name = Debug;
		};
		A4DCB40C1D47FE12005C611B /* Release */ = {
			isa = XCBuildConfiguration;
			buildSettings = {
				PRODUCT_NAME = "$(TARGET_NAME)";
			};
			name = Release;
		};
/* End XCBuildConfiguration section */

/* Begin XCConfigurationList section */
		A4DCB3FE1D47FE12005C611B /* Build configuration list for PBXProject "SummerNodeProject" */ = {
			isa = XCConfigurationList;
			buildConfigurations = (
				A4DCB4081D47FE12005C611B /* Debug */,
				A4DCB4091D47FE12005C611B /* Release */,
			);
			defaultConfigurationIsVisible = 0;
			defaultConfigurationName = Release;
		};
		A4DCB40A1D47FE12005C611B /* Build configuration list for PBXNativeTarget "SummerNodeProject" */ = {
			isa = XCConfigurationList;
			buildConfigurations = (
				A4DCB40B1D47FE12005C611B /* Debug */,
				A4DCB40C1D47FE12005C611B /* Release */,
			);
			defaultConfigurationIsVisible = 0;
			defaultConfigurationName = Release;
		};
/* End XCConfigurationList section */
	};
	rootObject = A4DCB3FB1D47FE12005C611B /* Project object */;
}
